
Microsoft Visual Studio Solution File, Format Version 12.00
# Visual Studio Version 17
VisualStudioVersion = 17.12.35707.178
MinimumVisualStudioVersion = 10.0.40219.1
Project("{FAE04EC0-301F-11D3-BF4B-00C04F79EFBC}") = "CleanArhictecture.Domain", "CleanArhictecture.Domain\CleanArhictecture.Domain.csproj", "{6B1F0A16-50C0-408E-BDA2-0D84F5064BFA}"
EndProject
Project("{FAE04EC0-301F-11D3-BF4B-00C04F79EFBC}") = "CleanArhictecture.Application", "CleanArhictecture.Application\CleanArhictecture.Application.csproj", "{A5AB4372-2D38-4601-818E-EB841302DD75}"
EndProject
Project("{FAE04EC0-301F-11D3-BF4B-00C04F79EFBC}") = "CleanArhictecture.Infrastructare", "CleanArhictecture.Infrastructare\CleanArhictecture.Infrastructare.csproj", "{BA3AA0BA-1493-47FB-8440-D71F49BA5521}"
EndProject
Global
	GlobalSection(SolutionConfigurationPlatforms) = preSolution
		Debug|Any CPU = Debug|Any CPU
		Release|Any CPU = Release|Any CPU
	EndGlobalSection
	GlobalSection(ProjectConfigurationPlatforms) = postSolution
		{6B1F0A16-50C0-408E-BDA2-0D84F5064BFA}.Debug|Any CPU.ActiveCfg = Debug|Any CPU
		{6B1F0A16-50C0-408E-BDA2-0D84F5064BFA}.Debug|Any CPU.Build.0 = Debug|Any CPU
		{6B1F0A16-50C0-408E-BDA2-0D84F5064BFA}.Release|Any CPU.ActiveCfg = Release|Any CPU
		{6B1F0A16-50C0-408E-BDA2-0D84F5064BFA}.Release|Any CPU.Build.0 = Release|Any CPU
		{A5AB4372-2D38-4601-818E-EB841302DD75}.Debug|Any CPU.ActiveCfg = Debug|Any CPU
		{A5AB4372-2D38-4601-818E-EB841302DD75}.Debug|Any CPU.Build.0 = Debug|Any CPU
		{A5AB4372-2D38-4601-818E-EB841302DD75}.Release|Any CPU.ActiveCfg = Release|Any CPU
		{A5AB4372-2D38-4601-818E-EB841302DD75}.Release|Any CPU.Build.0 = Release|Any CPU
		{BA3AA0BA-1493-47FB-8440-D71F49BA5521}.Debug|Any CPU.ActiveCfg = Debug|Any CPU
		{BA3AA0BA-1493-47FB-8440-D71F49BA5521}.Debug|Any CPU.Build.0 = Debug|Any CPU
		{BA3AA0BA-1493-47FB-8440-D71F49BA5521}.Release|Any CPU.ActiveCfg = Release|Any CPU
		{BA3AA0BA-1493-47FB-8440-D71F49BA5521}.Release|Any CPU.Build.0 = Release|Any CPU
	EndGlobalSection
	GlobalSection(SolutionProperties) = preSolution
		HideSolutionNode = FALSE
	EndGlobalSection
EndGlobal
